// !$*UTF8*$!
{
	archiveVersion = 1;
	classes = {
	};
	objectVersion = 46;
	objects = {

/* Begin PBXBuildFile section */
		72560C0A1AFA65070067BCE4 /* CommonCryptor.m in Sources */ = {isa = PBXBuildFile; fileRef = 72560C091AFA65070067BCE4 /* CommonCryptor.m */; };
		725838D11AF888CA00024563 /* ImageTableViewController.m in Sources */ = {isa = PBXBuildFile; fileRef = 725838D01AF888CA00024563 /* ImageTableViewController.m */; };
		725838D41AF88D0800024563 /* ImageTableViewCell.m in Sources */ = {isa = PBXBuildFile; fileRef = 725838D31AF88D0800024563 /* ImageTableViewCell.m */; };
		725838D61AF8917F00024563 /* Tortoise.jpg in Resources */ = {isa = PBXBuildFile; fileRef = 725838D51AF8917F00024563 /* Tortoise.jpg */; };
		725838D91AF8949D00024563 /* ImageDetailViewController.m in Sources */ = {isa = PBXBuildFile; fileRef = 725838D81AF8949D00024563 /* ImageDetailViewController.m */; };
		725838E31AF8AEF400024563 /* Main.storyboard in Resources */ = {isa = PBXBuildFile; fileRef = 725838E21AF8AEF400024563 /* Main.storyboard */; };
		725F7D781AF3926B00198BCB /* Bolts.framework in Frameworks */ = {isa = PBXBuildFile; fileRef = 725F7D761AF3926B00198BCB /* Bolts.framework */; };
		725F7D791AF3926B00198BCB /* Parse.framework in Frameworks */ = {isa = PBXBuildFile; fileRef = 725F7D771AF3926B00198BCB /* Parse.framework */; };
		725F7D7B1AF392C600198BCB /* AudioToolbox.framework in Frameworks */ = {isa = PBXBuildFile; fileRef = 725F7D7A1AF392C600198BCB /* AudioToolbox.framework */; };
		725F7D7D1AF392D300198BCB /* CFNetwork.framework in Frameworks */ = {isa = PBXBuildFile; fileRef = 725F7D7C1AF392D300198BCB /* CFNetwork.framework */; };
		725F7D7F1AF392DF00198BCB /* CoreGraphics.framework in Frameworks */ = {isa = PBXBuildFile; fileRef = 725F7D7E1AF392DF00198BCB /* CoreGraphics.framework */; };
		725F7D811AF392EA00198BCB /* CoreLocation.framework in Frameworks */ = {isa = PBXBuildFile; fileRef = 725F7D801AF392EA00198BCB /* CoreLocation.framework */; };
		725F7D831AF392F500198BCB /* MobileCoreServices.framework in Frameworks */ = {isa = PBXBuildFile; fileRef = 725F7D821AF392F500198BCB /* MobileCoreServices.framework */; };
		725F7D851AF392FE00198BCB /* QuartzCore.framework in Frameworks */ = {isa = PBXBuildFile; fileRef = 725F7D841AF392FE00198BCB /* QuartzCore.framework */; };
		725F7D871AF3931000198BCB /* Security.framework in Frameworks */ = {isa = PBXBuildFile; fileRef = 725F7D861AF3931000198BCB /* Security.framework */; };
		725F7D891AF3931A00198BCB /* StoreKit.framework in Frameworks */ = {isa = PBXBuildFile; fileRef = 725F7D881AF3931A00198BCB /* StoreKit.framework */; };
		725F7D8B1AF3932400198BCB /* SystemConfiguration.framework in Frameworks */ = {isa = PBXBuildFile; fileRef = 725F7D8A1AF3932400198BCB /* SystemConfiguration.framework */; };
		725F7D8D1AF3932F00198BCB /* libz.dylib in Frameworks */ = {isa = PBXBuildFile; fileRef = 725F7D8C1AF3932F00198BCB /* libz.dylib */; };
		725F7D8F1AF3933D00198BCB /* libsqlite3.dylib in Frameworks */ = {isa = PBXBuildFile; fileRef = 725F7D8E1AF3933D00198BCB /* libsqlite3.dylib */; };
		725F7D931AF393A300198BCB /* MyConnector.m in Sources */ = {isa = PBXBuildFile; fileRef = 725F7D921AF393A300198BCB /* MyConnector.m */; };
		725F7D951AF3C99F00198BCB /* PasswordRecoverViewController.swift in Sources */ = {isa = PBXBuildFile; fileRef = 725F7D941AF3C99F00198BCB /* PasswordRecoverViewController.swift */; };
		7293AD621AF61BA300E046A4 /* pdf_icon.png in Resources */ = {isa = PBXBuildFile; fileRef = 7293AD5E1AF61BA300E046A4 /* pdf_icon.png */; };
		7293AD631AF61BA300E046A4 /* DCCS-Assignment v5.pdf in Resources */ = {isa = PBXBuildFile; fileRef = 7293AD5F1AF61BA300E046A4 /* DCCS-Assignment v5.pdf */; };
		7293AD641AF61BA300E046A4 /* DCCS_3.pdf in Resources */ = {isa = PBXBuildFile; fileRef = 7293AD601AF61BA300E046A4 /* DCCS_3.pdf */; };
		7293AD651AF61BA300E046A4 /* DCCS_2.pdf in Resources */ = {isa = PBXBuildFile; fileRef = 7293AD611AF61BA300E046A4 /* DCCS_2.pdf */; };
		729D9B671AE38CDD00E4C6A6 /* AppDelegate.swift in Sources */ = {isa = PBXBuildFile; fileRef = 729D9B661AE38CDD00E4C6A6 /* AppDelegate.swift */; };
		729D9B691AE38CDD00E4C6A6 /* ViewController.swift in Sources */ = {isa = PBXBuildFile; fileRef = 729D9B681AE38CDD00E4C6A6 /* ViewController.swift */; };
		729D9B6E1AE38CDD00E4C6A6 /* Images.xcassets in Resources */ = {isa = PBXBuildFile; fileRef = 729D9B6D1AE38CDD00E4C6A6 /* Images.xcassets */; };
		729D9B711AE38CDD00E4C6A6 /* LaunchScreen.xib in Resources */ = {isa = PBXBuildFile; fileRef = 729D9B6F1AE38CDD00E4C6A6 /* LaunchScreen.xib */; };
		729D9B7D1AE38CDD00E4C6A6 /* Secure_Personal_File_ManagerTests.swift in Sources */ = {isa = PBXBuildFile; fileRef = 729D9B7C1AE38CDD00E4C6A6 /* Secure_Personal_File_ManagerTests.swift */; };
		729D9B871AE3914E00E4C6A6 /* RegisterPageViewController.swift in Sources */ = {isa = PBXBuildFile; fileRef = 729D9B861AE3914E00E4C6A6 /* RegisterPageViewController.swift */; };
		729D9B891AE396C600E4C6A6 /* LoginViewController.swift in Sources */ = {isa = PBXBuildFile; fileRef = 729D9B881AE396C600E4C6A6 /* LoginViewController.swift */; };
		72C581D41AFD2E1F0067AF63 /* EncryptDecryptViewController.swift in Sources */ = {isa = PBXBuildFile; fileRef = 72C581D31AFD2E1F0067AF63 /* EncryptDecryptViewController.swift */; };
		72EBDCD41AF65FB700AD4D54 /* Island.jpg in Resources */ = {isa = PBXBuildFile; fileRef = 72EBDCD01AF65FB700AD4D54 /* Island.jpg */; };
		72EBDCD51AF65FB700AD4D54 /* London.jpg in Resources */ = {isa = PBXBuildFile; fileRef = 72EBDCD11AF65FB700AD4D54 /* London.jpg */; };
		72EBDCD61AF65FB700AD4D54 /* Perth.jpg in Resources */ = {isa = PBXBuildFile; fileRef = 72EBDCD21AF65FB700AD4D54 /* Perth.jpg */; };
		72EBDCD71AF65FB700AD4D54 /* Tiger.jpg in Resources */ = {isa = PBXBuildFile; fileRef = 72EBDCD31AF65FB700AD4D54 /* Tiger.jpg */; };
		72EBDCE11AF664FA00AD4D54 /* Apple.jpg in Resources */ = {isa = PBXBuildFile; fileRef = 72EBDCDB1AF664FA00AD4D54 /* Apple.jpg */; };
		72EBDCE21AF664FA00AD4D54 /* Baby.jpg in Resources */ = {isa = PBXBuildFile; fileRef = 72EBDCDC1AF664FA00AD4D54 /* Baby.jpg */; };
		72EBDCE31AF664FA00AD4D54 /* Brain.jpg in Resources */ = {isa = PBXBuildFile; fileRef = 72EBDCDD1AF664FA00AD4D54 /* Brain.jpg */; };
		72EBDCE41AF664FA00AD4D54 /* ColourPencil.jpg in Resources */ = {isa = PBXBuildFile; fileRef = 72EBDCDE1AF664FA00AD4D54 /* ColourPencil.jpg */; };
		72EBDCE51AF664FA00AD4D54 /* Ferrari.jpg in Resources */ = {isa = PBXBuildFile; fileRef = 72EBDCDF1AF664FA00AD4D54 /* Ferrari.jpg */; };
/* End PBXBuildFile section */

/* Begin PBXContainerItemProxy section */
		729D9B771AE38CDD00E4C6A6 /* PBXContainerItemProxy */ = {
			isa = PBXContainerItemProxy;
			containerPortal = 729D9B591AE38CDD00E4C6A6 /* Project object */;
			proxyType = 1;
			remoteGlobalIDString = 729D9B601AE38CDD00E4C6A6;
			remoteInfo = "Secure Personal File Manager";
		};
/* End PBXContainerItemProxy section */

/* Begin PBXFileReference section */
		72560C081AFA65070067BCE4 /* CommonCryptor.h */ = {isa = PBXFileReference; fileEncoding = 4; lastKnownFileType = sourcecode.c.h; path = CommonCryptor.h; sourceTree = "<group>"; };
		72560C091AFA65070067BCE4 /* CommonCryptor.m */ = {isa = PBXFileReference; fileEncoding = 4; lastKnownFileType = sourcecode.c.objc; path = CommonCryptor.m; sourceTree = "<group>"; };
		725838CF1AF888CA00024563 /* ImageTableViewController.h */ = {isa = PBXFileReference; fileEncoding = 4; lastKnownFileType = sourcecode.c.h; path = ImageTableViewController.h; sourceTree = "<group>"; };
		725838D01AF888CA00024563 /* ImageTableViewController.m */ = {isa = PBXFileReference; fileEncoding = 4; lastKnownFileType = sourcecode.c.objc; path = ImageTableViewController.m; sourceTree = "<group>"; };
		725838D21AF88D0800024563 /* ImageTableViewCell.h */ = {isa = PBXFileReference; fileEncoding = 4; lastKnownFileType = sourcecode.c.h; path = ImageTableViewCell.h; sourceTree = "<group>"; };
		725838D31AF88D0800024563 /* ImageTableViewCell.m */ = {isa = PBXFileReference; fileEncoding = 4; lastKnownFileType = sourcecode.c.objc; path = ImageTableViewCell.m; sourceTree = "<group>"; };
		725838D51AF8917F00024563 /* Tortoise.jpg */ = {isa = PBXFileReference; lastKnownFileType = image.jpeg; path = Tortoise.jpg; sourceTree = "<group>"; };
		725838D71AF8949D00024563 /* ImageDetailViewController.h */ = {isa = PBXFileReference; fileEncoding = 4; lastKnownFileType = sourcecode.c.h; path = ImageDetailViewController.h; sourceTree = "<group>"; };
		725838D81AF8949D00024563 /* ImageDetailViewController.m */ = {isa = PBXFileReference; fileEncoding = 4; lastKnownFileType = sourcecode.c.objc; path = ImageDetailViewController.m; sourceTree = "<group>"; };
		725838E21AF8AEF400024563 /* Main.storyboard */ = {isa = PBXFileReference; fileEncoding = 4; lastKnownFileType = file.storyboard; path = Main.storyboard; sourceTree = "<group>"; };
		725F7D761AF3926B00198BCB /* Bolts.framework */ = {isa = PBXFileReference; lastKnownFileType = wrapper.framework; path = Bolts.framework; sourceTree = "<group>"; };
		725F7D771AF3926B00198BCB /* Parse.framework */ = {isa = PBXFileReference; lastKnownFileType = wrapper.framework; path = Parse.framework; sourceTree = "<group>"; };
		725F7D7A1AF392C600198BCB /* AudioToolbox.framework */ = {isa = PBXFileReference; lastKnownFileType = wrapper.framework; name = AudioToolbox.framework; path = System/Library/Frameworks/AudioToolbox.framework; sourceTree = SDKROOT; };
		725F7D7C1AF392D300198BCB /* CFNetwork.framework */ = {isa = PBXFileReference; lastKnownFileType = wrapper.framework; name = CFNetwork.framework; path = System/Library/Frameworks/CFNetwork.framework; sourceTree = SDKROOT; };
		725F7D7E1AF392DF00198BCB /* CoreGraphics.framework */ = {isa = PBXFileReference; lastKnownFileType = wrapper.framework; name = CoreGraphics.framework; path = System/Library/Frameworks/CoreGraphics.framework; sourceTree = SDKROOT; };
		725F7D801AF392EA00198BCB /* CoreLocation.framework */ = {isa = PBXFileReference; lastKnownFileType = wrapper.framework; name = CoreLocation.framework; path = System/Library/Frameworks/CoreLocation.framework; sourceTree = SDKROOT; };
		725F7D821AF392F500198BCB /* MobileCoreServices.framework */ = {isa = PBXFileReference; lastKnownFileType = wrapper.framework; name = MobileCoreServices.framework; path = System/Library/Frameworks/MobileCoreServices.framework; sourceTree = SDKROOT; };
		725F7D841AF392FE00198BCB /* QuartzCore.framework */ = {isa = PBXFileReference; lastKnownFileType = wrapper.framework; name = QuartzCore.framework; path = System/Library/Frameworks/QuartzCore.framework; sourceTree = SDKROOT; };
		725F7D861AF3931000198BCB /* Security.framework */ = {isa = PBXFileReference; lastKnownFileType = wrapper.framework; name = Security.framework; path = System/Library/Frameworks/Security.framework; sourceTree = SDKROOT; };
		725F7D881AF3931A00198BCB /* StoreKit.framework */ = {isa = PBXFileReference; lastKnownFileType = wrapper.framework; name = StoreKit.framework; path = System/Library/Frameworks/StoreKit.framework; sourceTree = SDKROOT; };
		725F7D8A1AF3932400198BCB /* SystemConfiguration.framework */ = {isa = PBXFileReference; lastKnownFileType = wrapper.framework; name = SystemConfiguration.framework; path = System/Library/Frameworks/SystemConfiguration.framework; sourceTree = SDKROOT; };
		725F7D8C1AF3932F00198BCB /* libz.dylib */ = {isa = PBXFileReference; lastKnownFileType = "compiled.mach-o.dylib"; name = libz.dylib; path = usr/lib/libz.dylib; sourceTree = SDKROOT; };
		725F7D8E1AF3933D00198BCB /* libsqlite3.dylib */ = {isa = PBXFileReference; lastKnownFileType = "compiled.mach-o.dylib"; name = libsqlite3.dylib; path = usr/lib/libsqlite3.dylib; sourceTree = SDKROOT; };
		725F7D901AF393A200198BCB /* Secure Personal File Manager-Bridging-Header.h */ = {isa = PBXFileReference; lastKnownFileType = sourcecode.c.h; path = "Secure Personal File Manager-Bridging-Header.h"; sourceTree = "<group>"; };
		725F7D911AF393A300198BCB /* MyConnector.h */ = {isa = PBXFileReference; fileEncoding = 4; lastKnownFileType = sourcecode.c.h; path = MyConnector.h; sourceTree = "<group>"; };
		725F7D921AF393A300198BCB /* MyConnector.m */ = {isa = PBXFileReference; fileEncoding = 4; lastKnownFileType = sourcecode.c.objc; path = MyConnector.m; sourceTree = "<group>"; };
		725F7D941AF3C99F00198BCB /* PasswordRecoverViewController.swift */ = {isa = PBXFileReference; fileEncoding = 4; lastKnownFileType = sourcecode.swift; path = PasswordRecoverViewController.swift; sourceTree = "<group>"; };
		7293AD5E1AF61BA300E046A4 /* pdf_icon.png */ = {isa = PBXFileReference; lastKnownFileType = image.png; path = pdf_icon.png; sourceTree = "<group>"; };
		7293AD5F1AF61BA300E046A4 /* DCCS-Assignment v5.pdf */ = {isa = PBXFileReference; lastKnownFileType = image.pdf; path = "DCCS-Assignment v5.pdf"; sourceTree = "<group>"; };
		7293AD601AF61BA300E046A4 /* DCCS_3.pdf */ = {isa = PBXFileReference; lastKnownFileType = image.pdf; path = DCCS_3.pdf; sourceTree = "<group>"; };
		7293AD611AF61BA300E046A4 /* DCCS_2.pdf */ = {isa = PBXFileReference; lastKnownFileType = image.pdf; path = DCCS_2.pdf; sourceTree = "<group>"; };
		729D9B611AE38CDD00E4C6A6 /* Secure Personal File Manager.app */ = {isa = PBXFileReference; explicitFileType = wrapper.application; includeInIndex = 0; path = "Secure Personal File Manager.app"; sourceTree = BUILT_PRODUCTS_DIR; };
		729D9B651AE38CDD00E4C6A6 /* Info.plist */ = {isa = PBXFileReference; lastKnownFileType = text.plist.xml; path = Info.plist; sourceTree = "<group>"; };
		729D9B661AE38CDD00E4C6A6 /* AppDelegate.swift */ = {isa = PBXFileReference; lastKnownFileType = sourcecode.swift; path = AppDelegate.swift; sourceTree = "<group>"; };
		729D9B681AE38CDD00E4C6A6 /* ViewController.swift */ = {isa = PBXFileReference; lastKnownFileType = sourcecode.swift; path = ViewController.swift; sourceTree = "<group>"; };
		729D9B6D1AE38CDD00E4C6A6 /* Images.xcassets */ = {isa = PBXFileReference; lastKnownFileType = folder.assetcatalog; path = Images.xcassets; sourceTree = "<group>"; };
		729D9B701AE38CDD00E4C6A6 /* Base */ = {isa = PBXFileReference; lastKnownFileType = file.xib; name = Base; path = Base.lproj/LaunchScreen.xib; sourceTree = "<group>"; };
		729D9B761AE38CDD00E4C6A6 /* Secure Personal File ManagerTests.xctest */ = {isa = PBXFileReference; explicitFileType = wrapper.cfbundle; includeInIndex = 0; path = "Secure Personal File ManagerTests.xctest"; sourceTree = BUILT_PRODUCTS_DIR; };
		729D9B7B1AE38CDD00E4C6A6 /* Info.plist */ = {isa = PBXFileReference; lastKnownFileType = text.plist.xml; path = Info.plist; sourceTree = "<group>"; };
		729D9B7C1AE38CDD00E4C6A6 /* Secure_Personal_File_ManagerTests.swift */ = {isa = PBXFileReference; lastKnownFileType = sourcecode.swift; path = Secure_Personal_File_ManagerTests.swift; sourceTree = "<group>"; };
		729D9B861AE3914E00E4C6A6 /* RegisterPageViewController.swift */ = {isa = PBXFileReference; fileEncoding = 4; lastKnownFileType = sourcecode.swift; path = RegisterPageViewController.swift; sourceTree = "<group>"; };
		729D9B881AE396C600E4C6A6 /* LoginViewController.swift */ = {isa = PBXFileReference; fileEncoding = 4; lastKnownFileType = sourcecode.swift; path = LoginViewController.swift; sourceTree = "<group>"; };
		72C581D31AFD2E1F0067AF63 /* EncryptDecryptViewController.swift */ = {isa = PBXFileReference; fileEncoding = 4; lastKnownFileType = sourcecode.swift; path = EncryptDecryptViewController.swift; sourceTree = "<group>"; };
		72EBDCD01AF65FB700AD4D54 /* Island.jpg */ = {isa = PBXFileReference; lastKnownFileType = image.jpeg; path = Island.jpg; sourceTree = "<group>"; };
		72EBDCD11AF65FB700AD4D54 /* London.jpg */ = {isa = PBXFileReference; lastKnownFileType = image.jpeg; path = London.jpg; sourceTree = "<group>"; };
		72EBDCD21AF65FB700AD4D54 /* Perth.jpg */ = {isa = PBXFileReference; lastKnownFileType = image.jpeg; path = Perth.jpg; sourceTree = "<group>"; };
		72EBDCD31AF65FB700AD4D54 /* Tiger.jpg */ = {isa = PBXFileReference; lastKnownFileType = image.jpeg; path = Tiger.jpg; sourceTree = "<group>"; };
		72EBDCDB1AF664FA00AD4D54 /* Apple.jpg */ = {isa = PBXFileReference; lastKnownFileType = image.jpeg; path = Apple.jpg; sourceTree = "<group>"; };
		72EBDCDC1AF664FA00AD4D54 /* Baby.jpg */ = {isa = PBXFileReference; lastKnownFileType = image.jpeg; path = Baby.jpg; sourceTree = "<group>"; };
		72EBDCDD1AF664FA00AD4D54 /* Brain.jpg */ = {isa = PBXFileReference; lastKnownFileType = image.jpeg; path = Brain.jpg; sourceTree = "<group>"; };
		72EBDCDE1AF664FA00AD4D54 /* ColourPencil.jpg */ = {isa = PBXFileReference; lastKnownFileType = image.jpeg; path = ColourPencil.jpg; sourceTree = "<group>"; };
		72EBDCDF1AF664FA00AD4D54 /* Ferrari.jpg */ = {isa = PBXFileReference; lastKnownFileType = image.jpeg; path = Ferrari.jpg; sourceTree = "<group>"; };
/* End PBXFileReference section */

/* Begin PBXFrameworksBuildPhase section */
		729D9B5E1AE38CDD00E4C6A6 /* Frameworks */ = {
			isa = PBXFrameworksBuildPhase;
			buildActionMask = 2147483647;
			files = (
				725F7D851AF392FE00198BCB /* QuartzCore.framework in Frameworks */,
				725F7D8F1AF3933D00198BCB /* libsqlite3.dylib in Frameworks */,
				725F7D8D1AF3932F00198BCB /* libz.dylib in Frameworks */,
				725F7D8B1AF3932400198BCB /* SystemConfiguration.framework in Frameworks */,
				725F7D891AF3931A00198BCB /* StoreKit.framework in Frameworks */,
				725F7D871AF3931000198BCB /* Security.framework in Frameworks */,
				725F7D831AF392F500198BCB /* MobileCoreServices.framework in Frameworks */,
				725F7D811AF392EA00198BCB /* CoreLocation.framework in Frameworks */,
				725F7D7F1AF392DF00198BCB /* CoreGraphics.framework in Frameworks */,
				725F7D7D1AF392D300198BCB /* CFNetwork.framework in Frameworks */,
				725F7D7B1AF392C600198BCB /* AudioToolbox.framework in Frameworks */,
				725F7D791AF3926B00198BCB /* Parse.framework in Frameworks */,
				725F7D781AF3926B00198BCB /* Bolts.framework in Frameworks */,
			);
			runOnlyForDeploymentPostprocessing = 0;
		};
		729D9B731AE38CDD00E4C6A6 /* Frameworks */ = {
			isa = PBXFrameworksBuildPhase;
			buildActionMask = 2147483647;
			files = (
			);
			runOnlyForDeploymentPostprocessing = 0;
		};
/* End PBXFrameworksBuildPhase section */

/* Begin PBXGroup section */
		725F7D751AF3907D00198BCB /* Frameworks */ = {
			isa = PBXGroup;
			children = (
				725F7D8E1AF3933D00198BCB /* libsqlite3.dylib */,
				725F7D8C1AF3932F00198BCB /* libz.dylib */,
				725F7D8A1AF3932400198BCB /* SystemConfiguration.framework */,
				725F7D881AF3931A00198BCB /* StoreKit.framework */,
				725F7D861AF3931000198BCB /* Security.framework */,
				725F7D841AF392FE00198BCB /* QuartzCore.framework */,
				725F7D821AF392F500198BCB /* MobileCoreServices.framework */,
				725F7D801AF392EA00198BCB /* CoreLocation.framework */,
				725F7D7E1AF392DF00198BCB /* CoreGraphics.framework */,
				725F7D7C1AF392D300198BCB /* CFNetwork.framework */,
				725F7D7A1AF392C600198BCB /* AudioToolbox.framework */,
				725F7D761AF3926B00198BCB /* Bolts.framework */,
				725F7D771AF3926B00198BCB /* Parse.framework */,
			);
			name = Frameworks;
			sourceTree = "<group>";
		};
		729D9B581AE38CDD00E4C6A6 = {
			isa = PBXGroup;
			children = (
				725F7D751AF3907D00198BCB /* Frameworks */,
				729D9B631AE38CDD00E4C6A6 /* Secure Personal File Manager */,
				729D9B791AE38CDD00E4C6A6 /* Secure Personal File ManagerTests */,
				729D9B621AE38CDD00E4C6A6 /* Products */,
			);
			sourceTree = "<group>";
		};
		729D9B621AE38CDD00E4C6A6 /* Products */ = {
			isa = PBXGroup;
			children = (
				729D9B611AE38CDD00E4C6A6 /* Secure Personal File Manager.app */,
				729D9B761AE38CDD00E4C6A6 /* Secure Personal File ManagerTests.xctest */,
			);
			name = Products;
			sourceTree = "<group>";
		};
		729D9B631AE38CDD00E4C6A6 /* Secure Personal File Manager */ = {
			isa = PBXGroup;
			children = (
				729D9B661AE38CDD00E4C6A6 /* AppDelegate.swift */,
				729D9B681AE38CDD00E4C6A6 /* ViewController.swift */,
				729D9B6D1AE38CDD00E4C6A6 /* Images.xcassets */,
				725838E21AF8AEF400024563 /* Main.storyboard */,
				729D9B6F1AE38CDD00E4C6A6 /* LaunchScreen.xib */,
				729D9B641AE38CDD00E4C6A6 /* Supporting Files */,
				729D9B861AE3914E00E4C6A6 /* RegisterPageViewController.swift */,
				72C581D31AFD2E1F0067AF63 /* EncryptDecryptViewController.swift */,
				729D9B881AE396C600E4C6A6 /* LoginViewController.swift */,
				725F7D911AF393A300198BCB /* MyConnector.h */,
				725F7D921AF393A300198BCB /* MyConnector.m */,
				725F7D901AF393A200198BCB /* Secure Personal File Manager-Bridging-Header.h */,
				725F7D941AF3C99F00198BCB /* PasswordRecoverViewController.swift */,
				725838CF1AF888CA00024563 /* ImageTableViewController.h */,
				725838D01AF888CA00024563 /* ImageTableViewController.m */,
				725838D21AF88D0800024563 /* ImageTableViewCell.h */,
				725838D31AF88D0800024563 /* ImageTableViewCell.m */,
				725838D71AF8949D00024563 /* ImageDetailViewController.h */,
				725838D81AF8949D00024563 /* ImageDetailViewController.m */,
				72560C081AFA65070067BCE4 /* CommonCryptor.h */,
				72560C091AFA65070067BCE4 /* CommonCryptor.m */,
			);
			path = "Secure Personal File Manager";
			sourceTree = "<group>";
		};
		729D9B641AE38CDD00E4C6A6 /* Supporting Files */ = {
			isa = PBXGroup;
			children = (
				72EBDCCF1AF65FB700AD4D54 /* Images SPFM */,
				7293AD5E1AF61BA300E046A4 /* pdf_icon.png */,
				7293AD5F1AF61BA300E046A4 /* DCCS-Assignment v5.pdf */,
				7293AD601AF61BA300E046A4 /* DCCS_3.pdf */,
				7293AD611AF61BA300E046A4 /* DCCS_2.pdf */,
				729D9B651AE38CDD00E4C6A6 /* Info.plist */,
			);
			name = "Supporting Files";
			sourceTree = "<group>";
		};
		729D9B791AE38CDD00E4C6A6 /* Secure Personal File ManagerTests */ = {
			isa = PBXGroup;
			children = (
				729D9B7C1AE38CDD00E4C6A6 /* Secure_Personal_File_ManagerTests.swift */,
				729D9B7A1AE38CDD00E4C6A6 /* Supporting Files */,
			);
			path = "Secure Personal File ManagerTests";
			sourceTree = "<group>";
		};
		729D9B7A1AE38CDD00E4C6A6 /* Supporting Files */ = {
			isa = PBXGroup;
			children = (
				729D9B7B1AE38CDD00E4C6A6 /* Info.plist */,
			);
			name = "Supporting Files";
			sourceTree = "<group>";
		};
		72EBDCCF1AF65FB700AD4D54 /* Images SPFM */ = {
			isa = PBXGroup;
			children = (
				72EBDCDB1AF664FA00AD4D54 /* Apple.jpg */,
				72EBDCDC1AF664FA00AD4D54 /* Baby.jpg */,
				72EBDCDD1AF664FA00AD4D54 /* Brain.jpg */,
				72EBDCDE1AF664FA00AD4D54 /* ColourPencil.jpg */,
				72EBDCDF1AF664FA00AD4D54 /* Ferrari.jpg */,
				72EBDCD01AF65FB700AD4D54 /* Island.jpg */,
				72EBDCD11AF65FB700AD4D54 /* London.jpg */,
				72EBDCD21AF65FB700AD4D54 /* Perth.jpg */,
				725838D51AF8917F00024563 /* Tortoise.jpg */,
				72EBDCD31AF65FB700AD4D54 /* Tiger.jpg */,
			);
			path = "Images SPFM";
			sourceTree = "<group>";
		};
/* End PBXGroup section */

/* Begin PBXNativeTarget section */
		729D9B601AE38CDD00E4C6A6 /* Secure Personal File Manager */ = {
			isa = PBXNativeTarget;
			buildConfigurationList = 729D9B801AE38CDD00E4C6A6 /* Build configuration list for PBXNativeTarget "Secure Personal File Manager" */;
			buildPhases = (
				729D9B5D1AE38CDD00E4C6A6 /* Sources */,
				729D9B5E1AE38CDD00E4C6A6 /* Frameworks */,
				729D9B5F1AE38CDD00E4C6A6 /* Resources */,
			);
			buildRules = (
			);
			dependencies = (
			);
			name = "Secure Personal File Manager";
			productName = "Secure Personal File Manager";
			productReference = 729D9B611AE38CDD00E4C6A6 /* Secure Personal File Manager.app */;
			productType = "com.apple.product-type.application";
		};
		729D9B751AE38CDD00E4C6A6 /* Secure Personal File ManagerTests */ = {
			isa = PBXNativeTarget;
			buildConfigurationList = 729D9B831AE38CDD00E4C6A6 /* Build configuration list for PBXNativeTarget "Secure Personal File ManagerTests" */;
			buildPhases = (
				729D9B721AE38CDD00E4C6A6 /* Sources */,
				729D9B731AE38CDD00E4C6A6 /* Frameworks */,
				729D9B741AE38CDD00E4C6A6 /* Resources */,
			);
			buildRules = (
			);
			dependencies = (
				729D9B781AE38CDD00E4C6A6 /* PBXTargetDependency */,
			);
			name = "Secure Personal File ManagerTests";
			productName = "Secure Personal File ManagerTests";
			productReference = 729D9B761AE38CDD00E4C6A6 /* Secure Personal File ManagerTests.xctest */;
			productType = "com.apple.product-type.bundle.unit-test";
		};
/* End PBXNativeTarget section */

/* Begin PBXProject section */
		729D9B591AE38CDD00E4C6A6 /* Project object */ = {
			isa = PBXProject;
			attributes = {
				LastUpgradeCheck = 0630;
				ORGANIZATIONNAME = "Loh Jan How";
				TargetAttributes = {
					729D9B601AE38CDD00E4C6A6 = {
						CreatedOnToolsVersion = 6.3;
					};
					729D9B751AE38CDD00E4C6A6 = {
						CreatedOnToolsVersion = 6.3;
						TestTargetID = 729D9B601AE38CDD00E4C6A6;
					};
				};
			};
			buildConfigurationList = 729D9B5C1AE38CDD00E4C6A6 /* Build configuration list for PBXProject "Secure Personal File Manager" */;
			compatibilityVersion = "Xcode 3.2";
			developmentRegion = English;
			hasScannedForEncodings = 0;
			knownRegions = (
				en,
				Base,
			);
			mainGroup = 729D9B581AE38CDD00E4C6A6;
			productRefGroup = 729D9B621AE38CDD00E4C6A6 /* Products */;
			projectDirPath = "";
			projectRoot = "";
			targets = (
				729D9B601AE38CDD00E4C6A6 /* Secure Personal File Manager */,
				729D9B751AE38CDD00E4C6A6 /* Secure Personal File ManagerTests */,
			);
		};
/* End PBXProject section */

/* Begin PBXResourcesBuildPhase section */
		729D9B5F1AE38CDD00E4C6A6 /* Resources */ = {
			isa = PBXResourcesBuildPhase;
			buildActionMask = 2147483647;
			files = (
				72EBDCD71AF65FB700AD4D54 /* Tiger.jpg in Resources */,
				7293AD631AF61BA300E046A4 /* DCCS-Assignment v5.pdf in Resources */,
				72EBDCD51AF65FB700AD4D54 /* London.jpg in Resources */,
				72EBDCE31AF664FA00AD4D54 /* Brain.jpg in Resources */,
				72EBDCE51AF664FA00AD4D54 /* Ferrari.jpg in Resources */,
				72EBDCD61AF65FB700AD4D54 /* Perth.jpg in Resources */,
				725838E31AF8AEF400024563 /* Main.storyboard in Resources */,
				72EBDCE21AF664FA00AD4D54 /* Baby.jpg in Resources */,
				7293AD621AF61BA300E046A4 /* pdf_icon.png in Resources */,
				72EBDCE11AF664FA00AD4D54 /* Apple.jpg in Resources */,
				7293AD641AF61BA300E046A4 /* DCCS_3.pdf in Resources */,
				72EBDCE41AF664FA00AD4D54 /* ColourPencil.jpg in Resources */,
				725838D61AF8917F00024563 /* Tortoise.jpg in Resources */,
				72EBDCD41AF65FB700AD4D54 /* Island.jpg in Resources */,
				729D9B711AE38CDD00E4C6A6 /* LaunchScreen.xib in Resources */,
				729D9B6E1AE38CDD00E4C6A6 /* Images.xcassets in Resources */,
				7293AD651AF61BA300E046A4 /* DCCS_2.pdf in Resources */,
			);
			runOnlyForDeploymentPostprocessing = 0;
		};
		729D9B741AE38CDD00E4C6A6 /* Resources */ = {
			isa = PBXResourcesBuildPhase;
			buildActionMask = 2147483647;
			files = (
			);
			runOnlyForDeploymentPostprocessing = 0;
		};
/* End PBXResourcesBuildPhase section */

/* Begin PBXSourcesBuildPhase section */
		729D9B5D1AE38CDD00E4C6A6 /* Sources */ = {
			isa = PBXSourcesBuildPhase;
			buildActionMask = 2147483647;
			files = (
				725838D41AF88D0800024563 /* ImageTableViewCell.m in Sources */,
				729D9B891AE396C600E4C6A6 /* LoginViewController.swift in Sources */,
				725838D11AF888CA00024563 /* ImageTableViewController.m in Sources */,
				725F7D931AF393A300198BCB /* MyConnector.m in Sources */,
				725F7D951AF3C99F00198BCB /* PasswordRecoverViewController.swift in Sources */,
				729D9B691AE38CDD00E4C6A6 /* ViewController.swift in Sources */,
				729D9B671AE38CDD00E4C6A6 /* AppDelegate.swift in Sources */,
				729D9B871AE3914E00E4C6A6 /* RegisterPageViewController.swift in Sources */,
				72C581D41AFD2E1F0067AF63 /* EncryptDecryptViewController.swift in Sources */,
				72560C0A1AFA65070067BCE4 /* CommonCryptor.m in Sources */,
				725838D91AF8949D00024563 /* ImageDetailViewController.m in Sources */,
			);
			runOnlyForDeploymentPostprocessing = 0;
		};
		729D9B721AE38CDD00E4C6A6 /* Sources */ = {
			isa = PBXSourcesBuildPhase;
			buildActionMask = 2147483647;
			files = (
				729D9B7D1AE38CDD00E4C6A6 /* Secure_Personal_File_ManagerTests.swift in Sources */,
			);
			runOnlyForDeploymentPostprocessing = 0;
		};
/* End PBXSourcesBuildPhase section */

/* Begin PBXTargetDependency section */
		729D9B781AE38CDD00E4C6A6 /* PBXTargetDependency */ = {
			isa = PBXTargetDependency;
			target = 729D9B601AE38CDD00E4C6A6 /* Secure Personal File Manager */;
			targetProxy = 729D9B771AE38CDD00E4C6A6 /* PBXContainerItemProxy */;
		};
/* End PBXTargetDependency section */

/* Begin PBXVariantGroup section */
		729D9B6F1AE38CDD00E4C6A6 /* LaunchScreen.xib */ = {
			isa = PBXVariantGroup;
			children = (
				729D9B701AE38CDD00E4C6A6 /* Base */,
			);
			name = LaunchScreen.xib;
			sourceTree = "<group>";
		};
/* End PBXVariantGroup section */

/* Begin XCBuildConfiguration section */
		729D9B7E1AE38CDD00E4C6A6 /* Debug */ = {
			isa = XCBuildConfiguration;
			buildSettings = {
				ALWAYS_SEARCH_USER_PATHS = NO;
				CLANG_CXX_LANGUAGE_STANDARD = "gnu++0x";
				CLANG_CXX_LIBRARY = "libc++";
				CLANG_ENABLE_MODULES = YES;
				CLANG_ENABLE_OBJC_ARC = YES;
				CLANG_WARN_BOOL_CONVERSION = YES;
				CLANG_WARN_CONSTANT_CONVERSION = YES;
				CLANG_WARN_DIRECT_OBJC_ISA_USAGE = YES_ERROR;
				CLANG_WARN_EMPTY_BODY = YES;
				CLANG_WARN_ENUM_CONVERSION = YES;
				CLANG_WARN_INT_CONVERSION = YES;
				CLANG_WARN_OBJC_ROOT_CLASS = YES_ERROR;
				CLANG_WARN_UNREACHABLE_CODE = YES;
				CLANG_WARN__DUPLICATE_METHOD_MATCH = YES;
				"CODE_SIGN_IDENTITY[sdk=iphoneos*]" = "iPhone Developer";
				COPY_PHASE_STRIP = NO;
				DEBUG_INFORMATION_FORMAT = "dwarf-with-dsym";
				ENABLE_STRICT_OBJC_MSGSEND = YES;
				GCC_C_LANGUAGE_STANDARD = gnu99;
				GCC_DYNAMIC_NO_PIC = NO;
				GCC_NO_COMMON_BLOCKS = YES;
				GCC_OPTIMIZATION_LEVEL = 0;
				GCC_PREPROCESSOR_DEFINITIONS = (
					"DEBUG=1",
					"$(inherited)",
				);
				GCC_SYMBOLS_PRIVATE_EXTERN = NO;
				GCC_WARN_64_TO_32_BIT_CONVERSION = YES;
				GCC_WARN_ABOUT_RETURN_TYPE = YES_ERROR;
				GCC_WARN_UNDECLARED_SELECTOR = YES;
				GCC_WARN_UNINITIALIZED_AUTOS = YES_AGGRESSIVE;
				GCC_WARN_UNUSED_FUNCTION = YES;
				GCC_WARN_UNUSED_VARIABLE = YES;
				IPHONEOS_DEPLOYMENT_TARGET = 8.3;
				MTL_ENABLE_DEBUG_INFO = YES;
				ONLY_ACTIVE_ARCH = YES;
				SDKROOT = iphoneos;
				SWIFT_OPTIMIZATION_LEVEL = "-Onone";
			};
			name = Debug;
		};
		729D9B7F1AE38CDD00E4C6A6 /* Release */ = {
			isa = XCBuildConfiguration;
			buildSettings = {
				ALWAYS_SEARCH_USER_PATHS = NO;
				CLANG_CXX_LANGUAGE_STANDARD = "gnu++0x";
				CLANG_CXX_LIBRARY = "libc++";
				CLANG_ENABLE_MODULES = YES;
				CLANG_ENABLE_OBJC_ARC = YES;
				CLANG_WARN_BOOL_CONVERSION = YES;
				CLANG_WARN_CONSTANT_CONVERSION = YES;
				CLANG_WARN_DIRECT_OBJC_ISA_USAGE = YES_ERROR;
				CLANG_WARN_EMPTY_BODY = YES;
				CLANG_WARN_ENUM_CONVERSION = YES;
				CLANG_WARN_INT_CONVERSION = YES;
				CLANG_WARN_OBJC_ROOT_CLASS = YES_ERROR;
				CLANG_WARN_UNREACHABLE_CODE = YES;
				CLANG_WARN__DUPLICATE_METHOD_MATCH = YES;
				"CODE_SIGN_IDENTITY[sdk=iphoneos*]" = "iPhone Developer";
				COPY_PHASE_STRIP = NO;
				DEBUG_INFORMATION_FORMAT = "dwarf-with-dsym";
				ENABLE_NS_ASSERTIONS = NO;
				ENABLE_STRICT_OBJC_MSGSEND = YES;
				GCC_C_LANGUAGE_STANDARD = gnu99;
				GCC_NO_COMMON_BLOCKS = YES;
				GCC_WARN_64_TO_32_BIT_CONVERSION = YES;
				GCC_WARN_ABOUT_RETURN_TYPE = YES_ERROR;
				GCC_WARN_UNDECLARED_SELECTOR = YES;
				GCC_WARN_UNINITIALIZED_AUTOS = YES_AGGRESSIVE;
				GCC_WARN_UNUSED_FUNCTION = YES;
				GCC_WARN_UNUSED_VARIABLE = YES;
				IPHONEOS_DEPLOYMENT_TARGET = 8.3;
				MTL_ENABLE_DEBUG_INFO = NO;
				SDKROOT = iphoneos;
				VALIDATE_PRODUCT = YES;
			};
			name = Release;
		};
		729D9B811AE38CDD00E4C6A6 /* Debug */ = {
			isa = XCBuildConfiguration;
			buildSettings = {
				ASSETCATALOG_COMPILER_APPICON_NAME = AppIcon;
				CLANG_ENABLE_MODULES = YES;
				FRAMEWORK_SEARCH_PATHS = (
					"$(inherited)",
					"$(PROJECT_DIR)",
				);
				INFOPLIST_FILE = "Secure Personal File Manager/Info.plist";
				LD_RUNPATH_SEARCH_PATHS = "$(inherited) @executable_path/Frameworks";
				PRODUCT_NAME = "$(TARGET_NAME)";
				SWIFT_OBJC_BRIDGING_HEADER = "Secure Personal File Manager/Secure Personal File Manager-Bridging-Header.h";
				SWIFT_OPTIMIZATION_LEVEL = "-Onone";
			};
			name = Debug;
		};
		729D9B821AE38CDD00E4C6A6 /* Release */ = {
			isa = XCBuildConfiguration;
			buildSettings = {
				ASSETCATALOG_COMPILER_APPICON_NAME = AppIcon;
				CLANG_ENABLE_MODULES = YES;
				FRAMEWORK_SEARCH_PATHS = (
					"$(inherited)",
					"$(PROJECT_DIR)",
				);
				INFOPLIST_FILE = "Secure Personal File Manager/Info.plist";
				LD_RUNPATH_SEARCH_PATHS = "$(inherited) @executable_path/Frameworks";
				PRODUCT_NAME = "$(TARGET_NAME)";
				SWIFT_OBJC_BRIDGING_HEADER = "Secure Personal File Manager/Secure Personal File Manager-Bridging-Header.h";
			};
			name = Release;
		};
		729D9B841AE38CDD00E4C6A6 /* Debug */ = {
			isa = XCBuildConfiguration;
			buildSettings = {
				BUNDLE_LOADER = "$(TEST_HOST)";
				FRAMEWORK_SEARCH_PATHS = (
					"$(SDKROOT)/Developer/Library/Frameworks",
					"$(inherited)",
				);
				GCC_PREPROCESSOR_DEFINITIONS = (
					"DEBUG=1",
					"$(inherited)",
				);
				INFOPLIST_FILE = "Secure Personal File ManagerTests/Info.plist";
				LD_RUNPATH_SEARCH_PATHS = "$(inherited) @executable_path/Frameworks @loader_path/Frameworks";
				PRODUCT_NAME = "$(TARGET_NAME)";
				TEST_HOST = "$(BUILT_PRODUCTS_DIR)/Secure Personal File Manager.app/Secure Personal File Manager";
			};
			name = Debug;
		};
		729D9B851AE38CDD00E4C6A6 /* Release */ = {
			isa = XCBuildConfiguration;
			buildSettings = {
				BUNDLE_LOADER = "$(TEST_HOST)";
				FRAMEWORK_SEARCH_PATHS = (
					"$(SDKROOT)/Developer/Library/Frameworks",
					"$(inherited)",
				);
				INFOPLIST_FILE = "Secure Personal File ManagerTests/Info.plist";
				LD_RUNPATH_SEARCH_PATHS = "$(inherited) @executable_path/Frameworks @loader_path/Frameworks";
				PRODUCT_NAME = "$(TARGET_NAME)";
				TEST_HOST = "$(BUILT_PRODUCTS_DIR)/Secure Personal File Manager.app/Secure Personal File Manager";
			};
			name = Release;
		};
/* End XCBuildConfiguration section */

/* Begin XCConfigurationList section */
		729D9B5C1AE38CDD00E4C6A6 /* Build configuration list for PBXProject "Secure Personal File Manager" */ = {
			isa = XCConfigurationList;
			buildConfigurations = (
				729D9B7E1AE38CDD00E4C6A6 /* Debug */,
				729D9B7F1AE38CDD00E4C6A6 /* Release */,
			);
			defaultConfigurationIsVisible = 0;
			defaultConfigurationName = Release;
		};
		729D9B801AE38CDD00E4C6A6 /* Build configuration list for PBXNativeTarget "Secure Personal File Manager" */ = {
			isa = XCConfigurationList;
			buildConfigurations = (
				729D9B811AE38CDD00E4C6A6 /* Debug */,
				729D9B821AE38CDD00E4C6A6 /* Release */,
			);
			defaultConfigurationIsVisible = 0;
			defaultConfigurationName = Release;
		};
		729D9B831AE38CDD00E4C6A6 /* Build configuration list for PBXNativeTarget "Secure Personal File ManagerTests" */ = {
			isa = XCConfigurationList;
			buildConfigurations = (
				729D9B841AE38CDD00E4C6A6 /* Debug */,
				729D9B851AE38CDD00E4C6A6 /* Release */,
			);
			defaultConfigurationIsVisible = 0;
			defaultConfigurationName = Release;
		};
/* End XCConfigurationList section */
	};
	rootObject = 729D9B591AE38CDD00E4C6A6 /* Project object */;
}
